
Microsoft Visual Studio Solution File, Format Version 12.00
# Visual Studio 15
VisualStudioVersion = 15.0.27130.2010
MinimumVisualStudioVersion = 10.0.40219.1
Project("{FAE04EC0-301F-11D3-BF4B-00C04F79EFBC}") = "Postfix Calculator", "PA1\Postfix Calculator.csproj", "{3CF48E80-DE04-43A0-93FB-EDCD2F358CE3}"
EndProject
Global
	GlobalSection(SolutionConfigurationPlatforms) = preSolution
		Debug|Any CPU = Debug|Any CPU
		Release|Any CPU = Release|Any CPU
	EndGlobalSection
	GlobalSection(ProjectConfigurationPlatforms) = postSolution
		{3CF48E80-DE04-43A0-93FB-EDCD2F358CE3}.Debug|Any CPU.ActiveCfg = Debug|Any CPU
		{3CF48E80-DE04-43A0-93FB-EDCD2F358CE3}.Debug|Any CPU.Build.0 = Debug|Any CPU
		{3CF48E80-DE04-43A0-93FB-EDCD2F358CE3}.Debug|Any CPU.Deploy.0 = Debug|Any CPU
		{3CF48E80-DE04-43A0-93FB-EDCD2F358CE3}.Release|Any CPU.ActiveCfg = Release|Any CPU
		{3CF48E80-DE04-43A0-93FB-EDCD2F358CE3}.Release|Any CPU.Build.0 = Release|Any CPU
		{3CF48E80-DE04-43A0-93FB-EDCD2F358CE3}.Release|Any CPU.Deploy.0 = Release|Any CPU
	EndGlobalSection
	GlobalSection(SolutionProperties) = preSolution
		HideSolutionNode = FALSE
	EndGlobalSection
	GlobalSection(ExtensibilityGlobals) = postSolution
		SolutionGuid = {0A07B3B5-7B5B-48CE-83F2-1E301EB0C6F9}
	EndGlobalSection
EndGlobal
